
Microsoft Visual Studio Solution File, Format Version 12.00
# Visual Studio 2013
VisualStudioVersion = 12.0.30501.0
MinimumVisualStudioVersion = 10.0.40219.1
Project("{FAE04EC0-301F-11D3-BF4B-00C04F79EFBC}") = "1-2-kassakvitto", "1-2-kassakvitto\1-2-kassakvitto.csproj", "{E43AA1A1-8C59-4644-AB9D-138DD9848FA9}"
EndProject
Global
	GlobalSection(SolutionConfigurationPlatforms) = preSolution
		Debug|Any CPU = Debug|Any CPU
		Release|Any CPU = Release|Any CPU
	EndGlobalSection
	GlobalSection(ProjectConfigurationPlatforms) = postSolution
		{E43AA1A1-8C59-4644-AB9D-138DD9848FA9}.Debug|Any CPU.ActiveCfg = Debug|Any CPU
		{E43AA1A1-8C59-4644-AB9D-138DD9848FA9}.Debug|Any CPU.Build.0 = Debug|Any CPU
		{E43AA1A1-8C59-4644-AB9D-138DD9848FA9}.Release|Any CPU.ActiveCfg = Release|Any CPU
		{E43AA1A1-8C59-4644-AB9D-138DD9848FA9}.Release|Any CPU.Build.0 = Release|Any CPU
	EndGlobalSection
	GlobalSection(SolutionProperties) = preSolution
		HideSolutionNode = FALSE
	EndGlobalSection
EndGlobal
